// !$*UTF8*$!
{
	archiveVersion = 1;
	classes = {
	};
	objectVersion = 56;
	objects = {

/* Begin PBXBuildFile section */
		8143B0352CA98C0600D7443A /* MockNetworkManager.swift in Sources */ = {isa = PBXBuildFile; fileRef = 8143B0342CA98C0600D7443A /* MockNetworkManager.swift */; };
		8143B0392CA992A900D7443A /* MovieListViewModel.swift in Sources */ = {isa = PBXBuildFile; fileRef = 8143B0382CA992A900D7443A /* MovieListViewModel.swift */; };
		81822E2D2CA5F08F0089F97D /* AppDelegate.swift in Sources */ = {isa = PBXBuildFile; fileRef = 81822E2C2CA5F08F0089F97D /* AppDelegate.swift */; };
		81822E2F2CA5F08F0089F97D /* SceneDelegate.swift in Sources */ = {isa = PBXBuildFile; fileRef = 81822E2E2CA5F08F0089F97D /* SceneDelegate.swift */; };
		81822E342CA5F08F0089F97D /* Main.storyboard in Resources */ = {isa = PBXBuildFile; fileRef = 81822E322CA5F08F0089F97D /* Main.storyboard */; };
		81822E372CA5F08F0089F97D /* Banquemisr_challenge05.xcdatamodeld in Sources */ = {isa = PBXBuildFile; fileRef = 81822E352CA5F08F0089F97D /* Banquemisr_challenge05.xcdatamodeld */; };
		81822E392CA5F0920089F97D /* Assets.xcassets in Resources */ = {isa = PBXBuildFile; fileRef = 81822E382CA5F0920089F97D /* Assets.xcassets */; };
		81822E3C2CA5F0920089F97D /* LaunchScreen.storyboard in Resources */ = {isa = PBXBuildFile; fileRef = 81822E3A2CA5F0920089F97D /* LaunchScreen.storyboard */; };
		81822E472CA5F0930089F97D /* Banquemisr_challenge05Tests.swift in Sources */ = {isa = PBXBuildFile; fileRef = 81822E462CA5F0930089F97D /* Banquemisr_challenge05Tests.swift */; };
		81822E512CA5F0930089F97D /* Banquemisr_challenge05UITests.swift in Sources */ = {isa = PBXBuildFile; fileRef = 81822E502CA5F0930089F97D /* Banquemisr_challenge05UITests.swift */; };
		81822E532CA5F0930089F97D /* Banquemisr_challenge05UITestsLaunchTests.swift in Sources */ = {isa = PBXBuildFile; fileRef = 81822E522CA5F0930089F97D /* Banquemisr_challenge05UITestsLaunchTests.swift */; };
		81822E672CA612500089F97D /* MoviesCell.swift in Sources */ = {isa = PBXBuildFile; fileRef = 81822E652CA612500089F97D /* MoviesCell.swift */; };
		81822E682CA612500089F97D /* MoviesCell.xib in Resources */ = {isa = PBXBuildFile; fileRef = 81822E662CA612500089F97D /* MoviesCell.xib */; };
		81822E732CA63A380089F97D /* MovieListVC.swift in Sources */ = {isa = PBXBuildFile; fileRef = 81822E722CA63A380089F97D /* MovieListVC.swift */; };
		81822E7C2CA63AB60089F97D /* MovieDetailsVC.swift in Sources */ = {isa = PBXBuildFile; fileRef = 81822E7B2CA63AB60089F97D /* MovieDetailsVC.swift */; };
		81822E7E2CA644AB0089F97D /* URLManager.swift in Sources */ = {isa = PBXBuildFile; fileRef = 81822E7D2CA644AB0089F97D /* URLManager.swift */; };
		81822E802CA6515D0089F97D /* URLManagerProtocol.swift in Sources */ = {isa = PBXBuildFile; fileRef = 81822E7F2CA6515D0089F97D /* URLManagerProtocol.swift */; };
		81822E822CA653720089F97D /* NetworkManager.swift in Sources */ = {isa = PBXBuildFile; fileRef = 81822E812CA653720089F97D /* NetworkManager.swift */; };
		81822E842CA660140089F97D /* NowPlaying.swift in Sources */ = {isa = PBXBuildFile; fileRef = 81822E832CA660140089F97D /* NowPlaying.swift */; };
		81822E862CA671F20089F97D /* MovieListViewModel.swift in Sources */ = {isa = PBXBuildFile; fileRef = 81822E852CA671F20089F97D /* MovieListViewModel.swift */; };
		81822E882CA672670089F97D /* NetworkManagerProtocol.swift in Sources */ = {isa = PBXBuildFile; fileRef = 81822E872CA672670089F97D /* NetworkManagerProtocol.swift */; };
		81940DB62CA942210032FC73 /* MovieDetailsViewModelTesting.swift in Sources */ = {isa = PBXBuildFile; fileRef = 81940DB52CA942200032FC73 /* MovieDetailsViewModelTesting.swift */; };
		81A16CB52CA717360036045D /* MovieDetails.swift in Sources */ = {isa = PBXBuildFile; fileRef = 81A16CB42CA717360036045D /* MovieDetails.swift */; };
		81A16CB72CA71B490036045D /* MovieDetailsViewModel.swift in Sources */ = {isa = PBXBuildFile; fileRef = 81A16CB62CA71B490036045D /* MovieDetailsViewModel.swift */; };
		81A16CB92CA74E250036045D /* MovieDetailsStoryboard.storyboard in Resources */ = {isa = PBXBuildFile; fileRef = 81A16CB82CA74E250036045D /* MovieDetailsStoryboard.storyboard */; };
		81A16CC52CA795880036045D /* PersistenceManager.swift in Sources */ = {isa = PBXBuildFile; fileRef = 81A16CC42CA795880036045D /* PersistenceManager.swift */; };
		81AE13792CA8DE3300885CE3 /* FetchingImages.swift in Sources */ = {isa = PBXBuildFile; fileRef = 81AE13782CA8DE3300885CE3 /* FetchingImages.swift */; };
		81AE137B2CA927D800885CE3 /* URLManagerTests.swift in Sources */ = {isa = PBXBuildFile; fileRef = 81AE137A2CA927D800885CE3 /* URLManagerTests.swift */; };
		81AE137D2CA92C6B00885CE3 /* NetworkManagerTesting.swift in Sources */ = {isa = PBXBuildFile; fileRef = 81AE137C2CA92C6B00885CE3 /* NetworkManagerTesting.swift */; };
		81AE13802CA92D3B00885CE3 /* MockURL.swift in Sources */ = {isa = PBXBuildFile; fileRef = 81AE137F2CA92D3B00885CE3 /* MockURL.swift */; };
		81AE13822CA92F6F00885CE3 /* PersistenceManagerTesting.swift in Sources */ = {isa = PBXBuildFile; fileRef = 81AE13812CA92F6F00885CE3 /* PersistenceManagerTesting.swift */; };
/* End PBXBuildFile section */

/* Begin PBXContainerItemProxy section */
		81822E432CA5F0930089F97D /* PBXContainerItemProxy */ = {
			isa = PBXContainerItemProxy;
			containerPortal = 81822E212CA5F08F0089F97D /* Project object */;
			proxyType = 1;
			remoteGlobalIDString = 81822E282CA5F08F0089F97D;
			remoteInfo = Banquemisr.challenge05;
		};
		81822E4D2CA5F0930089F97D /* PBXContainerItemProxy */ = {
			isa = PBXContainerItemProxy;
			containerPortal = 81822E212CA5F08F0089F97D /* Project object */;
			proxyType = 1;
			remoteGlobalIDString = 81822E282CA5F08F0089F97D;
			remoteInfo = Banquemisr.challenge05;
		};
/* End PBXContainerItemProxy section */

/* Begin PBXFileReference section */
		8143B0342CA98C0600D7443A /* MockNetworkManager.swift */ = {isa = PBXFileReference; lastKnownFileType = sourcecode.swift; path = MockNetworkManager.swift; sourceTree = "<group>"; };
		8143B0382CA992A900D7443A /* MovieListViewModel.swift */ = {isa = PBXFileReference; lastKnownFileType = sourcecode.swift; path = MovieListViewModel.swift; sourceTree = "<group>"; };
		8169F51A2CA9A54F00936341 /* Banquemisr.challenge05.xctestplan */ = {isa = PBXFileReference; lastKnownFileType = text; path = Banquemisr.challenge05.xctestplan; sourceTree = "<group>"; };
		81822E292CA5F08F0089F97D /* Banquemisr.challenge05.app */ = {isa = PBXFileReference; explicitFileType = wrapper.application; includeInIndex = 0; path = Banquemisr.challenge05.app; sourceTree = BUILT_PRODUCTS_DIR; };
		81822E2C2CA5F08F0089F97D /* AppDelegate.swift */ = {isa = PBXFileReference; lastKnownFileType = sourcecode.swift; path = AppDelegate.swift; sourceTree = "<group>"; };
		81822E2E2CA5F08F0089F97D /* SceneDelegate.swift */ = {isa = PBXFileReference; lastKnownFileType = sourcecode.swift; path = SceneDelegate.swift; sourceTree = "<group>"; };
		81822E332CA5F08F0089F97D /* Base */ = {isa = PBXFileReference; lastKnownFileType = file.storyboard; name = Base; path = Base.lproj/Main.storyboard; sourceTree = "<group>"; };
		81822E362CA5F08F0089F97D /* Banquemisr_challenge05.xcdatamodel */ = {isa = PBXFileReference; lastKnownFileType = wrapper.xcdatamodel; path = Banquemisr_challenge05.xcdatamodel; sourceTree = "<group>"; };
		81822E382CA5F0920089F97D /* Assets.xcassets */ = {isa = PBXFileReference; lastKnownFileType = folder.assetcatalog; path = Assets.xcassets; sourceTree = "<group>"; };
		81822E3B2CA5F0920089F97D /* Base */ = {isa = PBXFileReference; lastKnownFileType = file.storyboard; name = Base; path = Base.lproj/LaunchScreen.storyboard; sourceTree = "<group>"; };
		81822E3D2CA5F0920089F97D /* Info.plist */ = {isa = PBXFileReference; lastKnownFileType = text.plist.xml; path = Info.plist; sourceTree = "<group>"; };
		81822E422CA5F0930089F97D /* Banquemisr.challenge05Tests.xctest */ = {isa = PBXFileReference; explicitFileType = wrapper.cfbundle; includeInIndex = 0; path = Banquemisr.challenge05Tests.xctest; sourceTree = BUILT_PRODUCTS_DIR; };
		81822E462CA5F0930089F97D /* Banquemisr_challenge05Tests.swift */ = {isa = PBXFileReference; lastKnownFileType = sourcecode.swift; path = Banquemisr_challenge05Tests.swift; sourceTree = "<group>"; };
		81822E4C2CA5F0930089F97D /* Banquemisr.challenge05UITests.xctest */ = {isa = PBXFileReference; explicitFileType = wrapper.cfbundle; includeInIndex = 0; path = Banquemisr.challenge05UITests.xctest; sourceTree = BUILT_PRODUCTS_DIR; };
		81822E502CA5F0930089F97D /* Banquemisr_challenge05UITests.swift */ = {isa = PBXFileReference; lastKnownFileType = sourcecode.swift; path = Banquemisr_challenge05UITests.swift; sourceTree = "<group>"; };
		81822E522CA5F0930089F97D /* Banquemisr_challenge05UITestsLaunchTests.swift */ = {isa = PBXFileReference; lastKnownFileType = sourcecode.swift; path = Banquemisr_challenge05UITestsLaunchTests.swift; sourceTree = "<group>"; };
		81822E652CA612500089F97D /* MoviesCell.swift */ = {isa = PBXFileReference; lastKnownFileType = sourcecode.swift; path = MoviesCell.swift; sourceTree = "<group>"; };
		81822E662CA612500089F97D /* MoviesCell.xib */ = {isa = PBXFileReference; lastKnownFileType = file.xib; path = MoviesCell.xib; sourceTree = "<group>"; };
		81822E722CA63A380089F97D /* MovieListVC.swift */ = {isa = PBXFileReference; lastKnownFileType = sourcecode.swift; path = MovieListVC.swift; sourceTree = "<group>"; };
		81822E7B2CA63AB60089F97D /* MovieDetailsVC.swift */ = {isa = PBXFileReference; lastKnownFileType = sourcecode.swift; path = MovieDetailsVC.swift; sourceTree = "<group>"; };
		81822E7D2CA644AB0089F97D /* URLManager.swift */ = {isa = PBXFileReference; lastKnownFileType = sourcecode.swift; path = URLManager.swift; sourceTree = "<group>"; };
		81822E7F2CA6515D0089F97D /* URLManagerProtocol.swift */ = {isa = PBXFileReference; lastKnownFileType = sourcecode.swift; path = "URLManager\U0010\U0010\U0010\U0010\U0010\U0010\U0010\U0010\U0010\U0010Protocol.swift"; sourceTree = "<group>"; };
		81822E812CA653720089F97D /* NetworkManager.swift */ = {isa = PBXFileReference; lastKnownFileType = sourcecode.swift; path = NetworkManager.swift; sourceTree = "<group>"; };
		81822E832CA660140089F97D /* NowPlaying.swift */ = {isa = PBXFileReference; lastKnownFileType = sourcecode.swift; path = NowPlaying.swift; sourceTree = "<group>"; };
		81822E852CA671F20089F97D /* MovieListViewModel.swift */ = {isa = PBXFileReference; lastKnownFileType = sourcecode.swift; path = MovieListViewModel.swift; sourceTree = "<group>"; };
		81822E872CA672670089F97D /* NetworkManagerProtocol.swift */ = {isa = PBXFileReference; lastKnownFileType = sourcecode.swift; path = NetworkManagerProtocol.swift; sourceTree = "<group>"; };
		81940DB52CA942200032FC73 /* MovieDetailsViewModelTesting.swift */ = {isa = PBXFileReference; lastKnownFileType = sourcecode.swift; path = MovieDetailsViewModelTesting.swift; sourceTree = "<group>"; };
		81A16CB42CA717360036045D /* MovieDetails.swift */ = {isa = PBXFileReference; lastKnownFileType = sourcecode.swift; path = MovieDetails.swift; sourceTree = "<group>"; };
		81A16CB62CA71B490036045D /* MovieDetailsViewModel.swift */ = {isa = PBXFileReference; lastKnownFileType = sourcecode.swift; path = MovieDetailsViewModel.swift; sourceTree = "<group>"; };
		81A16CB82CA74E250036045D /* MovieDetailsStoryboard.storyboard */ = {isa = PBXFileReference; lastKnownFileType = file.storyboard; path = MovieDetailsStoryboard.storyboard; sourceTree = "<group>"; };
		81A16CC42CA795880036045D /* PersistenceManager.swift */ = {isa = PBXFileReference; lastKnownFileType = sourcecode.swift; path = PersistenceManager.swift; sourceTree = "<group>"; };
		81AE13782CA8DE3300885CE3 /* FetchingImages.swift */ = {isa = PBXFileReference; lastKnownFileType = sourcecode.swift; path = FetchingImages.swift; sourceTree = "<group>"; };
		81AE137A2CA927D800885CE3 /* URLManagerTests.swift */ = {isa = PBXFileReference; lastKnownFileType = sourcecode.swift; path = URLManagerTests.swift; sourceTree = "<group>"; };
		81AE137C2CA92C6B00885CE3 /* NetworkManagerTesting.swift */ = {isa = PBXFileReference; lastKnownFileType = sourcecode.swift; path = NetworkManagerTesting.swift; sourceTree = "<group>"; };
		81AE137F2CA92D3B00885CE3 /* MockURL.swift */ = {isa = PBXFileReference; lastKnownFileType = sourcecode.swift; path = MockURL.swift; sourceTree = "<group>"; };
		81AE13812CA92F6F00885CE3 /* PersistenceManagerTesting.swift */ = {isa = PBXFileReference; lastKnownFileType = sourcecode.swift; path = PersistenceManagerTesting.swift; sourceTree = "<group>"; };
/* End PBXFileReference section */

/* Begin PBXFrameworksBuildPhase section */
		81822E262CA5F08F0089F97D /* Frameworks */ = {
			isa = PBXFrameworksBuildPhase;
			buildActionMask = 2147483647;
			files = (
			);
			runOnlyForDeploymentPostprocessing = 0;
		};
		81822E3F2CA5F0930089F97D /* Frameworks */ = {
			isa = PBXFrameworksBuildPhase;
			buildActionMask = 2147483647;
			files = (
			);
			runOnlyForDeploymentPostprocessing = 0;
		};
		81822E492CA5F0930089F97D /* Frameworks */ = {
			isa = PBXFrameworksBuildPhase;
			buildActionMask = 2147483647;
			files = (
			);
			runOnlyForDeploymentPostprocessing = 0;
		};
/* End PBXFrameworksBuildPhase section */

/* Begin PBXGroup section */
		81822E202CA5F08F0089F97D = {
			isa = PBXGroup;
			children = (
				8169F51A2CA9A54F00936341 /* Banquemisr.challenge05.xctestplan */,
				81822E2B2CA5F08F0089F97D /* Banquemisr.challenge05 */,
				81822E452CA5F0930089F97D /* Banquemisr.challenge05Tests */,
				81822E4F2CA5F0930089F97D /* Banquemisr.challenge05UITests */,
				81822E2A2CA5F08F0089F97D /* Products */,
			);
			sourceTree = "<group>";
		};
		81822E2A2CA5F08F0089F97D /* Products */ = {
			isa = PBXGroup;
			children = (
				81822E292CA5F08F0089F97D /* Banquemisr.challenge05.app */,
				81822E422CA5F0930089F97D /* Banquemisr.challenge05Tests.xctest */,
				81822E4C2CA5F0930089F97D /* Banquemisr.challenge05UITests.xctest */,
			);
			name = Products;
			sourceTree = "<group>";
		};
		81822E2B2CA5F08F0089F97D /* Banquemisr.challenge05 */ = {
			isa = PBXGroup;
			children = (
				81AE13772CA8DE1100885CE3 /* Utilite */,
				81822E642CA5F0F00089F97D /* View */,
				81822E632CA5F0E80089F97D /* Model */,
				81822E602CA5F0D00089F97D /* Services */,
				81822E5F2CA5F0C60089F97D /* Modules */,
				81822E2C2CA5F08F0089F97D /* AppDelegate.swift */,
				81822E2E2CA5F08F0089F97D /* SceneDelegate.swift */,
				81822E382CA5F0920089F97D /* Assets.xcassets */,
				81822E3D2CA5F0920089F97D /* Info.plist */,
			);
			path = Banquemisr.challenge05;
			sourceTree = "<group>";
		};
		81822E452CA5F0930089F97D /* Banquemisr.challenge05Tests */ = {
			isa = PBXGroup;
			children = (
				81AE137E2CA92D1D00885CE3 /* Mocks */,
				81822E462CA5F0930089F97D /* Banquemisr_challenge05Tests.swift */,
				81AE137A2CA927D800885CE3 /* URLManagerTests.swift */,
				81AE137C2CA92C6B00885CE3 /* NetworkManagerTesting.swift */,
				81AE13812CA92F6F00885CE3 /* PersistenceManagerTesting.swift */,
				81940DB52CA942200032FC73 /* MovieDetailsViewModelTesting.swift */,
				8143B0382CA992A900D7443A /* MovieListViewModel.swift */,
			);
			path = Banquemisr.challenge05Tests;
			sourceTree = "<group>";
		};
		81822E4F2CA5F0930089F97D /* Banquemisr.challenge05UITests */ = {
			isa = PBXGroup;
			children = (
				81822E502CA5F0930089F97D /* Banquemisr_challenge05UITests.swift */,
				81822E522CA5F0930089F97D /* Banquemisr_challenge05UITestsLaunchTests.swift */,
			);
			path = Banquemisr.challenge05UITests;
			sourceTree = "<group>";
		};
		81822E5F2CA5F0C60089F97D /* Modules */ = {
			isa = PBXGroup;
			children = (
				81822E782CA63A730089F97D /* MovieDetails */,
				81822E6B2CA6376D0089F97D /* ListMovies */,
			);
			path = Modules;
			sourceTree = "<group>";
		};
		81822E602CA5F0D00089F97D /* Services */ = {
			isa = PBXGroup;
			children = (
				81822E622CA5F0E00089F97D /* Local */,
				81822E612CA5F0D90089F97D /* Remote */,
			);
			path = Services;
			sourceTree = "<group>";
		};
		81822E612CA5F0D90089F97D /* Remote */ = {
			isa = PBXGroup;
			children = (
				81822E7D2CA644AB0089F97D /* URLManager.swift */,
				81822E7F2CA6515D0089F97D /* URLManagerProtocol.swift */,
				81822E812CA653720089F97D /* NetworkManager.swift */,
				81822E872CA672670089F97D /* NetworkManagerProtocol.swift */,
			);
			path = Remote;
			sourceTree = "<group>";
		};
		81822E622CA5F0E00089F97D /* Local */ = {
			isa = PBXGroup;
			children = (
				81822E352CA5F08F0089F97D /* Banquemisr_challenge05.xcdatamodeld */,
				81A16CC42CA795880036045D /* PersistenceManager.swift */,
			);
			path = Local;
			sourceTree = "<group>";
		};
		81822E632CA5F0E80089F97D /* Model */ = {
			isa = PBXGroup;
			children = (
				81822E832CA660140089F97D /* NowPlaying.swift */,
				81A16CB42CA717360036045D /* MovieDetails.swift */,
			);
			path = Model;
			sourceTree = "<group>";
		};
		81822E642CA5F0F00089F97D /* View */ = {
			isa = PBXGroup;
			children = (
				81822E3A2CA5F0920089F97D /* LaunchScreen.storyboard */,
				81822E322CA5F08F0089F97D /* Main.storyboard */,
				81822E652CA612500089F97D /* MoviesCell.swift */,
				81822E662CA612500089F97D /* MoviesCell.xib */,
			);
			path = View;
			sourceTree = "<group>";
		};
		81822E6B2CA6376D0089F97D /* ListMovies */ = {
			isa = PBXGroup;
			children = (
				81822E6D2CA637B50089F97D /* ViewModel */,
				81822E6C2CA637AE0089F97D /* View */,
			);
			path = ListMovies;
			sourceTree = "<group>";
		};
		81822E6C2CA637AE0089F97D /* View */ = {
			isa = PBXGroup;
			children = (
				81822E722CA63A380089F97D /* MovieListVC.swift */,
			);
			path = View;
			sourceTree = "<group>";
		};
		81822E6D2CA637B50089F97D /* ViewModel */ = {
			isa = PBXGroup;
			children = (
				81822E852CA671F20089F97D /* MovieListViewModel.swift */,
			);
			path = ViewModel;
			sourceTree = "<group>";
		};
		81822E782CA63A730089F97D /* MovieDetails */ = {
			isa = PBXGroup;
			children = (
				81822E7A2CA63A930089F97D /* ViewModel */,
				81822E792CA63A830089F97D /* View */,
			);
			path = MovieDetails;
			sourceTree = "<group>";
		};
		81822E792CA63A830089F97D /* View */ = {
			isa = PBXGroup;
			children = (
				81822E7B2CA63AB60089F97D /* MovieDetailsVC.swift */,
				81A16CB82CA74E250036045D /* MovieDetailsStoryboard.storyboard */,
			);
			path = View;
			sourceTree = "<group>";
		};
		81822E7A2CA63A930089F97D /* ViewModel */ = {
			isa = PBXGroup;
			children = (
				81A16CB62CA71B490036045D /* MovieDetailsViewModel.swift */,
			);
			path = ViewModel;
			sourceTree = "<group>";
		};
		81AE13772CA8DE1100885CE3 /* Utilite */ = {
			isa = PBXGroup;
			children = (
				81AE13782CA8DE3300885CE3 /* FetchingImages.swift */,
			);
			path = Utilite;
			sourceTree = "<group>";
		};
		81AE137E2CA92D1D00885CE3 /* Mocks */ = {
			isa = PBXGroup;
			children = (
				81AE137F2CA92D3B00885CE3 /* MockURL.swift */,
				8143B0342CA98C0600D7443A /* MockNetworkManager.swift */,
			);
			path = Mocks;
			sourceTree = "<group>";
		};
/* End PBXGroup section */

/* Begin PBXNativeTarget section */
		81822E282CA5F08F0089F97D /* Banquemisr.challenge05 */ = {
			isa = PBXNativeTarget;
			buildConfigurationList = 81822E562CA5F0930089F97D /* Build configuration list for PBXNativeTarget "Banquemisr.challenge05" */;
			buildPhases = (
				81822E252CA5F08F0089F97D /* Sources */,
				81822E262CA5F08F0089F97D /* Frameworks */,
				81822E272CA5F08F0089F97D /* Resources */,
			);
			buildRules = (
			);
			dependencies = (
			);
			name = Banquemisr.challenge05;
			productName = Banquemisr.challenge05;
			productReference = 81822E292CA5F08F0089F97D /* Banquemisr.challenge05.app */;
			productType = "com.apple.product-type.application";
		};
		81822E412CA5F0930089F97D /* Banquemisr.challenge05Tests */ = {
			isa = PBXNativeTarget;
			buildConfigurationList = 81822E592CA5F0930089F97D /* Build configuration list for PBXNativeTarget "Banquemisr.challenge05Tests" */;
			buildPhases = (
				81822E3E2CA5F0930089F97D /* Sources */,
				81822E3F2CA5F0930089F97D /* Frameworks */,
				81822E402CA5F0930089F97D /* Resources */,
			);
			buildRules = (
			);
			dependencies = (
				81822E442CA5F0930089F97D /* PBXTargetDependency */,
			);
			name = Banquemisr.challenge05Tests;
			productName = Banquemisr.challenge05Tests;
			productReference = 81822E422CA5F0930089F97D /* Banquemisr.challenge05Tests.xctest */;
			productType = "com.apple.product-type.bundle.unit-test";
		};
		81822E4B2CA5F0930089F97D /* Banquemisr.challenge05UITests */ = {
			isa = PBXNativeTarget;
			buildConfigurationList = 81822E5C2CA5F0930089F97D /* Build configuration list for PBXNativeTarget "Banquemisr.challenge05UITests" */;
			buildPhases = (
				81822E482CA5F0930089F97D /* Sources */,
				81822E492CA5F0930089F97D /* Frameworks */,
				81822E4A2CA5F0930089F97D /* Resources */,
			);
			buildRules = (
			);
			dependencies = (
				81822E4E2CA5F0930089F97D /* PBXTargetDependency */,
			);
			name = Banquemisr.challenge05UITests;
			productName = Banquemisr.challenge05UITests;
			productReference = 81822E4C2CA5F0930089F97D /* Banquemisr.challenge05UITests.xctest */;
			productType = "com.apple.product-type.bundle.ui-testing";
		};
/* End PBXNativeTarget section */

/* Begin PBXProject section */
		81822E212CA5F08F0089F97D /* Project object */ = {
			isa = PBXProject;
			attributes = {
				BuildIndependentTargetsInParallel = 1;
				LastSwiftUpdateCheck = 1430;
				LastUpgradeCheck = 1430;
				TargetAttributes = {
					81822E282CA5F08F0089F97D = {
						CreatedOnToolsVersion = 14.3.1;
					};
					81822E412CA5F0930089F97D = {
						CreatedOnToolsVersion = 14.3.1;
						TestTargetID = 81822E282CA5F08F0089F97D;
					};
					81822E4B2CA5F0930089F97D = {
						CreatedOnToolsVersion = 14.3.1;
						TestTargetID = 81822E282CA5F08F0089F97D;
					};
				};
			};
			buildConfigurationList = 81822E242CA5F08F0089F97D /* Build configuration list for PBXProject "Banquemisr.challenge05" */;
			compatibilityVersion = "Xcode 14.0";
			developmentRegion = en;
			hasScannedForEncodings = 0;
			knownRegions = (
				en,
				Base,
			);
			mainGroup = 81822E202CA5F08F0089F97D;
			productRefGroup = 81822E2A2CA5F08F0089F97D /* Products */;
			projectDirPath = "";
			projectRoot = "";
			targets = (
				81822E282CA5F08F0089F97D /* Banquemisr.challenge05 */,
				81822E412CA5F0930089F97D /* Banquemisr.challenge05Tests */,
				81822E4B2CA5F0930089F97D /* Banquemisr.challenge05UITests */,
			);
		};
/* End PBXProject section */

/* Begin PBXResourcesBuildPhase section */
		81822E272CA5F08F0089F97D /* Resources */ = {
			isa = PBXResourcesBuildPhase;
			buildActionMask = 2147483647;
			files = (
				81822E3C2CA5F0920089F97D /* LaunchScreen.storyboard in Resources */,
				81A16CB92CA74E250036045D /* MovieDetailsStoryboard.storyboard in Resources */,
				81822E392CA5F0920089F97D /* Assets.xcassets in Resources */,
				81822E682CA612500089F97D /* MoviesCell.xib in Resources */,
				81822E342CA5F08F0089F97D /* Main.storyboard in Resources */,
			);
			runOnlyForDeploymentPostprocessing = 0;
		};
		81822E402CA5F0930089F97D /* Resources */ = {
			isa = PBXResourcesBuildPhase;
			buildActionMask = 2147483647;
			files = (
			);
			runOnlyForDeploymentPostprocessing = 0;
		};
		81822E4A2CA5F0930089F97D /* Resources */ = {
			isa = PBXResourcesBuildPhase;
			buildActionMask = 2147483647;
			files = (
			);
			runOnlyForDeploymentPostprocessing = 0;
		};
/* End PBXResourcesBuildPhase section */

/* Begin PBXSourcesBuildPhase section */
		81822E252CA5F08F0089F97D /* Sources */ = {
			isa = PBXSourcesBuildPhase;
			buildActionMask = 2147483647;
			files = (
				81822E822CA653720089F97D /* NetworkManager.swift in Sources */,
				81822E802CA6515D0089F97D /* URLManagerProtocol.swift in Sources */,
				81A16CB52CA717360036045D /* MovieDetails.swift in Sources */,
				81822E862CA671F20089F97D /* MovieListViewModel.swift in Sources */,
				81822E672CA612500089F97D /* MoviesCell.swift in Sources */,
				81822E7E2CA644AB0089F97D /* URLManager.swift in Sources */,
				81822E372CA5F08F0089F97D /* Banquemisr_challenge05.xcdatamodeld in Sources */,
				81A16CB72CA71B490036045D /* MovieDetailsViewModel.swift in Sources */,
				81822E732CA63A380089F97D /* MovieListVC.swift in Sources */,
				81AE13792CA8DE3300885CE3 /* FetchingImages.swift in Sources */,
				81822E842CA660140089F97D /* NowPlaying.swift in Sources */,
				81A16CC52CA795880036045D /* PersistenceManager.swift in Sources */,
				81822E7C2CA63AB60089F97D /* MovieDetailsVC.swift in Sources */,
				81822E2D2CA5F08F0089F97D /* AppDelegate.swift in Sources */,
				81822E2F2CA5F08F0089F97D /* SceneDelegate.swift in Sources */,
				81822E882CA672670089F97D /* NetworkManagerProtocol.swift in Sources */,
			);
			runOnlyForDeploymentPostprocessing = 0;
		};
		81822E3E2CA5F0930089F97D /* Sources */ = {
			isa = PBXSourcesBuildPhase;
			buildActionMask = 2147483647;
			files = (
				81822E472CA5F0930089F97D /* Banquemisr_challenge05Tests.swift in Sources */,
				81AE13822CA92F6F00885CE3 /* PersistenceManagerTesting.swift in Sources */,
				81AE13802CA92D3B00885CE3 /* MockURL.swift in Sources */,
				81940DB62CA942210032FC73 /* MovieDetailsViewModelTesting.swift in Sources */,
				8143B0352CA98C0600D7443A /* MockNetworkManager.swift in Sources */,
				81AE137B2CA927D800885CE3 /* URLManagerTests.swift in Sources */,
				81AE137D2CA92C6B00885CE3 /* NetworkManagerTesting.swift in Sources */,
				8143B0392CA992A900D7443A /* MovieListViewModel.swift in Sources */,
			);
			runOnlyForDeploymentPostprocessing = 0;
		};
		81822E482CA5F0930089F97D /* Sources */ = {
			isa = PBXSourcesBuildPhase;
			buildActionMask = 2147483647;
			files = (
				81822E532CA5F0930089F97D /* Banquemisr_challenge05UITestsLaunchTests.swift in Sources */,
				81822E512CA5F0930089F97D /* Banquemisr_challenge05UITests.swift in Sources */,
			);
			runOnlyForDeploymentPostprocessing = 0;
		};
/* End PBXSourcesBuildPhase section */

/* Begin PBXTargetDependency section */
		81822E442CA5F0930089F97D /* PBXTargetDependency */ = {
			isa = PBXTargetDependency;
			target = 81822E282CA5F08F0089F97D /* Banquemisr.challenge05 */;
			targetProxy = 81822E432CA5F0930089F97D /* PBXContainerItemProxy */;
		};
		81822E4E2CA5F0930089F97D /* PBXTargetDependency */ = {
			isa = PBXTargetDependency;
			target = 81822E282CA5F08F0089F97D /* Banquemisr.challenge05 */;
			targetProxy = 81822E4D2CA5F0930089F97D /* PBXContainerItemProxy */;
		};
/* End PBXTargetDependency section */

/* Begin PBXVariantGroup section */
		81822E322CA5F08F0089F97D /* Main.storyboard */ = {
			isa = PBXVariantGroup;
			children = (
				81822E332CA5F08F0089F97D /* Base */,
			);
			name = Main.storyboard;
			sourceTree = "<group>";
		};
		81822E3A2CA5F0920089F97D /* LaunchScreen.storyboard */ = {
			isa = PBXVariantGroup;
			children = (
				81822E3B2CA5F0920089F97D /* Base */,
			);
			name = LaunchScreen.storyboard;
			sourceTree = "<group>";
		};
/* End PBXVariantGroup section */

/* Begin XCBuildConfiguration section */
		81822E542CA5F0930089F97D /* Debug */ = {
			isa = XCBuildConfiguration;
			buildSettings = {
				ALWAYS_SEARCH_USER_PATHS = NO;
				CLANG_ANALYZER_NONNULL = YES;
				CLANG_ANALYZER_NUMBER_OBJECT_CONVERSION = YES_AGGRESSIVE;
				CLANG_CXX_LANGUAGE_STANDARD = "gnu++20";
				CLANG_ENABLE_MODULES = YES;
				CLANG_ENABLE_OBJC_ARC = YES;
				CLANG_ENABLE_OBJC_WEAK = YES;
				CLANG_WARN_BLOCK_CAPTURE_AUTORELEASING = YES;
				CLANG_WARN_BOOL_CONVERSION = YES;
				CLANG_WARN_COMMA = YES;
				CLANG_WARN_CONSTANT_CONVERSION = YES;
				CLANG_WARN_DEPRECATED_OBJC_IMPLEMENTATIONS = YES;
				CLANG_WARN_DIRECT_OBJC_ISA_USAGE = YES_ERROR;
				CLANG_WARN_DOCUMENTATION_COMMENTS = YES;
				CLANG_WARN_EMPTY_BODY = YES;
				CLANG_WARN_ENUM_CONVERSION = YES;
				CLANG_WARN_INFINITE_RECURSION = YES;
				CLANG_WARN_INT_CONVERSION = YES;
				CLANG_WARN_NON_LITERAL_NULL_CONVERSION = YES;
				CLANG_WARN_OBJC_IMPLICIT_RETAIN_SELF = YES;
				CLANG_WARN_OBJC_LITERAL_CONVERSION = YES;
				CLANG_WARN_OBJC_ROOT_CLASS = YES_ERROR;
				CLANG_WARN_QUOTED_INCLUDE_IN_FRAMEWORK_HEADER = YES;
				CLANG_WARN_RANGE_LOOP_ANALYSIS = YES;
				CLANG_WARN_STRICT_PROTOTYPES = YES;
				CLANG_WARN_SUSPICIOUS_MOVE = YES;
				CLANG_WARN_UNGUARDED_AVAILABILITY = YES_AGGRESSIVE;
				CLANG_WARN_UNREACHABLE_CODE = YES;
				CLANG_WARN__DUPLICATE_METHOD_MATCH = YES;
				COPY_PHASE_STRIP = NO;
				DEBUG_INFORMATION_FORMAT = dwarf;
				ENABLE_STRICT_OBJC_MSGSEND = YES;
				ENABLE_TESTABILITY = YES;
				GCC_C_LANGUAGE_STANDARD = gnu11;
				GCC_DYNAMIC_NO_PIC = NO;
				GCC_NO_COMMON_BLOCKS = YES;
				GCC_OPTIMIZATION_LEVEL = 0;
				GCC_PREPROCESSOR_DEFINITIONS = (
					"DEBUG=1",
					"$(inherited)",
				);
				GCC_WARN_64_TO_32_BIT_CONVERSION = YES;
				GCC_WARN_ABOUT_RETURN_TYPE = YES_ERROR;
				GCC_WARN_UNDECLARED_SELECTOR = YES;
				GCC_WARN_UNINITIALIZED_AUTOS = YES_AGGRESSIVE;
				GCC_WARN_UNUSED_FUNCTION = YES;
				GCC_WARN_UNUSED_VARIABLE = YES;
				IPHONEOS_DEPLOYMENT_TARGET = 16.4;
				MTL_ENABLE_DEBUG_INFO = INCLUDE_SOURCE;
				MTL_FAST_MATH = YES;
				ONLY_ACTIVE_ARCH = YES;
				SDKROOT = iphoneos;
				SWIFT_ACTIVE_COMPILATION_CONDITIONS = DEBUG;
				SWIFT_OPTIMIZATION_LEVEL = "-Onone";
			};
			name = Debug;
		};
		81822E552CA5F0930089F97D /* Release */ = {
			isa = XCBuildConfiguration;
			buildSettings = {
				ALWAYS_SEARCH_USER_PATHS = NO;
				CLANG_ANALYZER_NONNULL = YES;
				CLANG_ANALYZER_NUMBER_OBJECT_CONVERSION = YES_AGGRESSIVE;
				CLANG_CXX_LANGUAGE_STANDARD = "gnu++20";
				CLANG_ENABLE_MODULES = YES;
				CLANG_ENABLE_OBJC_ARC = YES;
				CLANG_ENABLE_OBJC_WEAK = YES;
				CLANG_WARN_BLOCK_CAPTURE_AUTORELEASING = YES;
				CLANG_WARN_BOOL_CONVERSION = YES;
				CLANG_WARN_COMMA = YES;
				CLANG_WARN_CONSTANT_CONVERSION = YES;
				CLANG_WARN_DEPRECATED_OBJC_IMPLEMENTATIONS = YES;
				CLANG_WARN_DIRECT_OBJC_ISA_USAGE = YES_ERROR;
				CLANG_WARN_DOCUMENTATION_COMMENTS = YES;
				CLANG_WARN_EMPTY_BODY = YES;
				CLANG_WARN_ENUM_CONVERSION = YES;
				CLANG_WARN_INFINITE_RECURSION = YES;
				CLANG_WARN_INT_CONVERSION = YES;
				CLANG_WARN_NON_LITERAL_NULL_CONVERSION = YES;
				CLANG_WARN_OBJC_IMPLICIT_RETAIN_SELF = YES;
				CLANG_WARN_OBJC_LITERAL_CONVERSION = YES;
				CLANG_WARN_OBJC_ROOT_CLASS = YES_ERROR;
				CLANG_WARN_QUOTED_INCLUDE_IN_FRAMEWORK_HEADER = YES;
				CLANG_WARN_RANGE_LOOP_ANALYSIS = YES;
				CLANG_WARN_STRICT_PROTOTYPES = YES;
				CLANG_WARN_SUSPICIOUS_MOVE = YES;
				CLANG_WARN_UNGUARDED_AVAILABILITY = YES_AGGRESSIVE;
				CLANG_WARN_UNREACHABLE_CODE = YES;
				CLANG_WARN__DUPLICATE_METHOD_MATCH = YES;
				COPY_PHASE_STRIP = NO;
				DEBUG_INFORMATION_FORMAT = "dwarf-with-dsym";
				ENABLE_NS_ASSERTIONS = NO;
				ENABLE_STRICT_OBJC_MSGSEND = YES;
				GCC_C_LANGUAGE_STANDARD = gnu11;
				GCC_NO_COMMON_BLOCKS = YES;
				GCC_WARN_64_TO_32_BIT_CONVERSION = YES;
				GCC_WARN_ABOUT_RETURN_TYPE = YES_ERROR;
				GCC_WARN_UNDECLARED_SELECTOR = YES;
				GCC_WARN_UNINITIALIZED_AUTOS = YES_AGGRESSIVE;
				GCC_WARN_UNUSED_FUNCTION = YES;
				GCC_WARN_UNUSED_VARIABLE = YES;
				IPHONEOS_DEPLOYMENT_TARGET = 16.4;
				MTL_ENABLE_DEBUG_INFO = NO;
				MTL_FAST_MATH = YES;
				SDKROOT = iphoneos;
				SWIFT_COMPILATION_MODE = wholemodule;
				SWIFT_OPTIMIZATION_LEVEL = "-O";
				VALIDATE_PRODUCT = YES;
			};
			name = Release;
		};
		81822E572CA5F0930089F97D /* Debug */ = {
			isa = XCBuildConfiguration;
			buildSettings = {
				ASSETCATALOG_COMPILER_APPICON_NAME = AppIcon;
				ASSETCATALOG_COMPILER_GLOBAL_ACCENT_COLOR_NAME = AccentColor;
				CODE_SIGN_STYLE = Automatic;
				CURRENT_PROJECT_VERSION = 1;
				GENERATE_INFOPLIST_FILE = YES;
				INFOPLIST_FILE = Banquemisr.challenge05/Info.plist;
				INFOPLIST_KEY_UIApplicationSupportsIndirectInputEvents = YES;
				INFOPLIST_KEY_UILaunchStoryboardName = LaunchScreen;
				INFOPLIST_KEY_UIMainStoryboardFile = Main;
				INFOPLIST_KEY_UISupportedInterfaceOrientations_iPad = "UIInterfaceOrientationPortrait UIInterfaceOrientationPortraitUpsideDown UIInterfaceOrientationLandscapeLeft UIInterfaceOrientationLandscapeRight";
				INFOPLIST_KEY_UISupportedInterfaceOrientations_iPhone = "UIInterfaceOrientationPortrait UIInterfaceOrientationLandscapeLeft UIInterfaceOrientationLandscapeRight";
				LD_RUNPATH_SEARCH_PATHS = (
					"$(inherited)",
					"@executable_path/Frameworks",
				);
				MARKETING_VERSION = 1.0;
				PRODUCT_BUNDLE_IDENTIFIER = "home.Banquemisr-challenge05";
				PRODUCT_NAME = "$(TARGET_NAME)";
				SWIFT_EMIT_LOC_STRINGS = YES;
				SWIFT_VERSION = 5.0;
				TARGETED_DEVICE_FAMILY = "1,2";
			};
			name = Debug;
		};
		81822E582CA5F0930089F97D /* Release */ = {
			isa = XCBuildConfiguration;
			buildSettings = {
				ASSETCATALOG_COMPILER_APPICON_NAME = AppIcon;
				ASSETCATALOG_COMPILER_GLOBAL_ACCENT_COLOR_NAME = AccentColor;
				CODE_SIGN_STYLE = Automatic;
				CURRENT_PROJECT_VERSION = 1;
				GENERATE_INFOPLIST_FILE = YES;
				INFOPLIST_FILE = Banquemisr.challenge05/Info.plist;
				INFOPLIST_KEY_UIApplicationSupportsIndirectInputEvents = YES;
				INFOPLIST_KEY_UILaunchStoryboardName = LaunchScreen;
				INFOPLIST_KEY_UIMainStoryboardFile = Main;
				INFOPLIST_KEY_UISupportedInterfaceOrientations_iPad = "UIInterfaceOrientationPortrait UIInterfaceOrientationPortraitUpsideDown UIInterfaceOrientationLandscapeLeft UIInterfaceOrientationLandscapeRight";
				INFOPLIST_KEY_UISupportedInterfaceOrientations_iPhone = "UIInterfaceOrientationPortrait UIInterfaceOrientationLandscapeLeft UIInterfaceOrientationLandscapeRight";
				LD_RUNPATH_SEARCH_PATHS = (
					"$(inherited)",
					"@executable_path/Frameworks",
				);
				MARKETING_VERSION = 1.0;
				PRODUCT_BUNDLE_IDENTIFIER = "home.Banquemisr-challenge05";
				PRODUCT_NAME = "$(TARGET_NAME)";
				SWIFT_EMIT_LOC_STRINGS = YES;
				SWIFT_VERSION = 5.0;
				TARGETED_DEVICE_FAMILY = "1,2";
			};
			name = Release;
		};
		81822E5A2CA5F0930089F97D /* Debug */ = {
			isa = XCBuildConfiguration;
			buildSettings = {
				ALWAYS_EMBED_SWIFT_STANDARD_LIBRARIES = YES;
				BUNDLE_LOADER = "$(TEST_HOST)";
				CODE_SIGN_STYLE = Automatic;
				CURRENT_PROJECT_VERSION = 1;
				GENERATE_INFOPLIST_FILE = YES;
				IPHONEOS_DEPLOYMENT_TARGET = 16.4;
				MARKETING_VERSION = 1.0;
				PRODUCT_BUNDLE_IDENTIFIER = "home.Banquemisr-challenge05Tests";
				PRODUCT_NAME = "$(TARGET_NAME)";
				SWIFT_EMIT_LOC_STRINGS = NO;
				SWIFT_VERSION = 5.0;
				TARGETED_DEVICE_FAMILY = "1,2";
				TEST_HOST = "$(BUILT_PRODUCTS_DIR)/Banquemisr.challenge05.app/$(BUNDLE_EXECUTABLE_FOLDER_PATH)/Banquemisr.challenge05";
			};
			name = Debug;
		};
		81822E5B2CA5F0930089F97D /* Release */ = {
			isa = XCBuildConfiguration;
			buildSettings = {
				ALWAYS_EMBED_SWIFT_STANDARD_LIBRARIES = YES;
				BUNDLE_LOADER = "$(TEST_HOST)";
				CODE_SIGN_STYLE = Automatic;
				CURRENT_PROJECT_VERSION = 1;
				GENERATE_INFOPLIST_FILE = YES;
				IPHONEOS_DEPLOYMENT_TARGET = 16.4;
				MARKETING_VERSION = 1.0;
				PRODUCT_BUNDLE_IDENTIFIER = "home.Banquemisr-challenge05Tests";
				PRODUCT_NAME = "$(TARGET_NAME)";
				SWIFT_EMIT_LOC_STRINGS = NO;
				SWIFT_VERSION = 5.0;
				TARGETED_DEVICE_FAMILY = "1,2";
				TEST_HOST = "$(BUILT_PRODUCTS_DIR)/Banquemisr.challenge05.app/$(BUNDLE_EXECUTABLE_FOLDER_PATH)/Banquemisr.challenge05";
			};
			name = Release;
		};
		81822E5D2CA5F0930089F97D /* Debug */ = {
			isa = XCBuildConfiguration;
			buildSettings = {
				ALWAYS_EMBED_SWIFT_STANDARD_LIBRARIES = YES;
				CODE_SIGN_STYLE = Automatic;
				CURRENT_PROJECT_VERSION = 1;
				GENERATE_INFOPLIST_FILE = YES;
				MARKETING_VERSION = 1.0;
				PRODUCT_BUNDLE_IDENTIFIER = "home.Banquemisr-challenge05UITests";
				PRODUCT_NAME = "$(TARGET_NAME)";
				SWIFT_EMIT_LOC_STRINGS = NO;
				SWIFT_VERSION = 5.0;
				TARGETED_DEVICE_FAMILY = "1,2";
				TEST_TARGET_NAME = Banquemisr.challenge05;
			};
			name = Debug;
		};
		81822E5E2CA5F0930089F97D /* Release */ = {
			isa = XCBuildConfiguration;
			buildSettings = {
				ALWAYS_EMBED_SWIFT_STANDARD_LIBRARIES = YES;
				CODE_SIGN_STYLE = Automatic;
				CURRENT_PROJECT_VERSION = 1;
				GENERATE_INFOPLIST_FILE = YES;
				MARKETING_VERSION = 1.0;
				PRODUCT_BUNDLE_IDENTIFIER = "home.Banquemisr-challenge05UITests";
				PRODUCT_NAME = "$(TARGET_NAME)";
				SWIFT_EMIT_LOC_STRINGS = NO;
				SWIFT_VERSION = 5.0;
				TARGETED_DEVICE_FAMILY = "1,2";
				TEST_TARGET_NAME = Banquemisr.challenge05;
			};
			name = Release;
		};
/* End XCBuildConfiguration section */

/* Begin XCConfigurationList section */
		81822E242CA5F08F0089F97D /* Build configuration list for PBXProject "Banquemisr.challenge05" */ = {
			isa = XCConfigurationList;
			buildConfigurations = (
				81822E542CA5F0930089F97D /* Debug */,
				81822E552CA5F0930089F97D /* Release */,
			);
			defaultConfigurationIsVisible = 0;
			defaultConfigurationName = Release;
		};
		81822E562CA5F0930089F97D /* Build configuration list for PBXNativeTarget "Banquemisr.challenge05" */ = {
			isa = XCConfigurationList;
			buildConfigurations = (
				81822E572CA5F0930089F97D /* Debug */,
				81822E582CA5F0930089F97D /* Release */,
			);
			defaultConfigurationIsVisible = 0;
			defaultConfigurationName = Release;
		};
		81822E592CA5F0930089F97D /* Build configuration list for PBXNativeTarget "Banquemisr.challenge05Tests" */ = {
			isa = XCConfigurationList;
			buildConfigurations = (
				81822E5A2CA5F0930089F97D /* Debug */,
				81822E5B2CA5F0930089F97D /* Release */,
			);
			defaultConfigurationIsVisible = 0;
			defaultConfigurationName = Release;
		};
		81822E5C2CA5F0930089F97D /* Build configuration list for PBXNativeTarget "Banquemisr.challenge05UITests" */ = {
			isa = XCConfigurationList;
			buildConfigurations = (
				81822E5D2CA5F0930089F97D /* Debug */,
				81822E5E2CA5F0930089F97D /* Release */,
			);
			defaultConfigurationIsVisible = 0;
			defaultConfigurationName = Release;
		};
/* End XCConfigurationList section */

/* Begin XCVersionGroup section */
		81822E352CA5F08F0089F97D /* Banquemisr_challenge05.xcdatamodeld */ = {
			isa = XCVersionGroup;
			children = (
				81822E362CA5F08F0089F97D /* Banquemisr_challenge05.xcdatamodel */,
			);
			currentVersion = 81822E362CA5F08F0089F97D /* Banquemisr_challenge05.xcdatamodel */;
			path = Banquemisr_challenge05.xcdatamodeld;
			sourceTree = "<group>";
			versionGroupType = wrapper.xcdatamodel;
		};
/* End XCVersionGroup section */
	};
	rootObject = 81822E212CA5F08F0089F97D /* Project object */;
}
